// !$*UTF8*$!
{
	archiveVersion = 1;
	classes = {
	};
	objectVersion = 46;
	objects = {

/* Begin PBXGroup section */
		389DD0D218DB7DA800A5260A = {
			isa = PBXGroup;
			children = (
			);
			sourceTree = "<group>";
		};
/* End PBXGroup section */

/* Begin PBXProject section */
		389DD0D318DB7DA800A5260A /* Project object */ = {
			isa = PBXProject;
			attributes = {
				LastUpgradeCheck = 0510;
			};
			buildConfigurationList = 389DD0D618DB7DA800A5260A /* Build configuration list for PBXProject "TestCoDemoSite" */;
			compatibilityVersion = "Xcode 3.2";
			developmentRegion = English;
			hasScannedForEncodings = 0;
			knownRegions = (
				en,
			);
			mainGroup = 389DD0D218DB7DA800A5260A;
			projectDirPath = "";
			projectRoot = "";
			targets = (
			);
		};
/* End PBXProject section */

/* Begin XCBuildConfiguration section */
		389DD0D718DB7DA800A5260A /* Debug */ = {
			isa = XCBuildConfiguration;
			buildSettings = {
			};
			name = Debug;
		};
		389DD0D818DB7DA800A5260A /* Release */ = {
			isa = XCBuildConfiguration;
			buildSettings = {
			};
			name = Release;
		};
/* End XCBuildConfiguration section */

/* Begin XCConfigurationList section */
		389DD0D618DB7DA800A5260A /* Build configuration list for PBXProject "TestCoDemoSite" */ = {
			isa = XCConfigurationList;
			buildConfigurations = (
				389DD0D718DB7DA800A5260A /* Debug */,
				389DD0D818DB7DA800A5260A /* Release */,
			);
			defaultConfigurationIsVisible = 0;
			defaultConfigurationName = Release;
		};
/* End XCConfigurationList section */
	};
	rootObject = 389DD0D318DB7DA800A5260A /* Project object */;
}
